
Microsoft Visual Studio Solution File, Format Version 12.00
# Visual Studio 15
VisualStudioVersion = 15.0.27428.2037
MinimumVisualStudioVersion = 10.0.40219.1
Project("{9A19103F-16F7-4668-BE54-9A1E7A4F7556}") = "BestBuddiesApi", "BestBuddiesApi\BestBuddiesApi.csproj", "{ED8A24B6-4EF0-4174-938C-9DC470749573}"
EndProject
Project("{FAE04EC0-301F-11D3-BF4B-00C04F79EFBC}") = "BestBuddiesShare", "BestBuddiesShare\BestBuddiesShare.csproj", "{BFD5E78C-41C1-4363-9348-95AFC076604F}"
EndProject
Project("{FAE04EC0-301F-11D3-BF4B-00C04F79EFBC}") = "BuddyServer", "BuddyServer\BuddyServer.csproj", "{420211E7-6B8C-4D3C-B98C-82D1363B1611}"
EndProject
Global
	GlobalSection(SolutionConfigurationPlatforms) = preSolution
		Debug|Any CPU = Debug|Any CPU
		Release|Any CPU = Release|Any CPU
	EndGlobalSection
	GlobalSection(ProjectConfigurationPlatforms) = postSolution
		{ED8A24B6-4EF0-4174-938C-9DC470749573}.Debug|Any CPU.ActiveCfg = Debug|Any CPU
		{ED8A24B6-4EF0-4174-938C-9DC470749573}.Debug|Any CPU.Build.0 = Debug|Any CPU
		{ED8A24B6-4EF0-4174-938C-9DC470749573}.Release|Any CPU.ActiveCfg = Release|Any CPU
		{ED8A24B6-4EF0-4174-938C-9DC470749573}.Release|Any CPU.Build.0 = Release|Any CPU
		{BFD5E78C-41C1-4363-9348-95AFC076604F}.Debug|Any CPU.ActiveCfg = Debug|Any CPU
		{BFD5E78C-41C1-4363-9348-95AFC076604F}.Debug|Any CPU.Build.0 = Debug|Any CPU
		{BFD5E78C-41C1-4363-9348-95AFC076604F}.Release|Any CPU.ActiveCfg = Release|Any CPU
		{BFD5E78C-41C1-4363-9348-95AFC076604F}.Release|Any CPU.Build.0 = Release|Any CPU
		{420211E7-6B8C-4D3C-B98C-82D1363B1611}.Debug|Any CPU.ActiveCfg = Debug|Any CPU
		{420211E7-6B8C-4D3C-B98C-82D1363B1611}.Debug|Any CPU.Build.0 = Debug|Any CPU
		{420211E7-6B8C-4D3C-B98C-82D1363B1611}.Release|Any CPU.ActiveCfg = Release|Any CPU
		{420211E7-6B8C-4D3C-B98C-82D1363B1611}.Release|Any CPU.Build.0 = Release|Any CPU
	EndGlobalSection
	GlobalSection(SolutionProperties) = preSolution
		HideSolutionNode = FALSE
	EndGlobalSection
	GlobalSection(ExtensibilityGlobals) = postSolution
		SolutionGuid = {8FF53A66-F632-4790-8E9B-323F723F6C70}
	EndGlobalSection
EndGlobal
